// !$*UTF8*$!
{
	archiveVersion = 1;
	classes = {
	};
	objectVersion = 56;
	objects = {

/* Begin PBXBuildFile section */
		7302A6A72A95DD6800C72AFC /* AppDelegate.swift in Sources */ = {isa = PBXBuildFile; fileRef = 7302A6A62A95DD6800C72AFC /* AppDelegate.swift */; };
		7302A6A92A95DD6800C72AFC /* SceneDelegate.swift in Sources */ = {isa = PBXBuildFile; fileRef = 7302A6A82A95DD6800C72AFC /* SceneDelegate.swift */; };
		7302A6AB2A95DD6800C72AFC /* ViewController.swift in Sources */ = {isa = PBXBuildFile; fileRef = 7302A6AA2A95DD6800C72AFC /* ViewController.swift */; };
		7302A6AE2A95DD6800C72AFC /* Main.storyboard in Resources */ = {isa = PBXBuildFile; fileRef = 7302A6AC2A95DD6800C72AFC /* Main.storyboard */; };
		7302A6B02A95DD6B00C72AFC /* Assets.xcassets in Resources */ = {isa = PBXBuildFile; fileRef = 7302A6AF2A95DD6B00C72AFC /* Assets.xcassets */; };
		7302A6B32A95DD6B00C72AFC /* LaunchScreen.storyboard in Resources */ = {isa = PBXBuildFile; fileRef = 7302A6B12A95DD6B00C72AFC /* LaunchScreen.storyboard */; };
		7302A6BE2A95DD6C00C72AFC /* OTPAuthAppTests.swift in Sources */ = {isa = PBXBuildFile; fileRef = 7302A6BD2A95DD6C00C72AFC /* OTPAuthAppTests.swift */; };
		7302A6C82A95DD6C00C72AFC /* OTPAuthAppUITests.swift in Sources */ = {isa = PBXBuildFile; fileRef = 7302A6C72A95DD6C00C72AFC /* OTPAuthAppUITests.swift */; };
		7302A6CA2A95DD6C00C72AFC /* OTPAuthAppUITestsLaunchTests.swift in Sources */ = {isa = PBXBuildFile; fileRef = 7302A6C92A95DD6C00C72AFC /* OTPAuthAppUITestsLaunchTests.swift */; };
		7302A6D72A95E6F200C72AFC /* Screen2ViewController.swift in Sources */ = {isa = PBXBuildFile; fileRef = 7302A6D62A95E6F200C72AFC /* Screen2ViewController.swift */; };
		7302A6D92A95FC5500C72AFC /* Screen3ViewController.swift in Sources */ = {isa = PBXBuildFile; fileRef = 7302A6D82A95FC5500C72AFC /* Screen3ViewController.swift */; };
/* End PBXBuildFile section */

/* Begin PBXContainerItemProxy section */
		7302A6BA2A95DD6C00C72AFC /* PBXContainerItemProxy */ = {
			isa = PBXContainerItemProxy;
			containerPortal = 7302A69B2A95DD6800C72AFC /* Project object */;
			proxyType = 1;
			remoteGlobalIDString = 7302A6A22A95DD6800C72AFC;
			remoteInfo = OTPAuthApp;
		};
		7302A6C42A95DD6C00C72AFC /* PBXContainerItemProxy */ = {
			isa = PBXContainerItemProxy;
			containerPortal = 7302A69B2A95DD6800C72AFC /* Project object */;
			proxyType = 1;
			remoteGlobalIDString = 7302A6A22A95DD6800C72AFC;
			remoteInfo = OTPAuthApp;
		};
/* End PBXContainerItemProxy section */

/* Begin PBXFileReference section */
		7302A6A32A95DD6800C72AFC /* OTPAuthApp.app */ = {isa = PBXFileReference; explicitFileType = wrapper.application; includeInIndex = 0; path = OTPAuthApp.app; sourceTree = BUILT_PRODUCTS_DIR; };
		7302A6A62A95DD6800C72AFC /* AppDelegate.swift */ = {isa = PBXFileReference; lastKnownFileType = sourcecode.swift; path = AppDelegate.swift; sourceTree = "<group>"; };
		7302A6A82A95DD6800C72AFC /* SceneDelegate.swift */ = {isa = PBXFileReference; lastKnownFileType = sourcecode.swift; path = SceneDelegate.swift; sourceTree = "<group>"; };
		7302A6AA2A95DD6800C72AFC /* ViewController.swift */ = {isa = PBXFileReference; lastKnownFileType = sourcecode.swift; path = ViewController.swift; sourceTree = "<group>"; };
		7302A6AD2A95DD6800C72AFC /* Base */ = {isa = PBXFileReference; lastKnownFileType = file.storyboard; name = Base; path = Base.lproj/Main.storyboard; sourceTree = "<group>"; };
		7302A6AF2A95DD6B00C72AFC /* Assets.xcassets */ = {isa = PBXFileReference; lastKnownFileType = folder.assetcatalog; path = Assets.xcassets; sourceTree = "<group>"; };
		7302A6B22A95DD6B00C72AFC /* Base */ = {isa = PBXFileReference; lastKnownFileType = file.storyboard; name = Base; path = Base.lproj/LaunchScreen.storyboard; sourceTree = "<group>"; };
		7302A6B42A95DD6B00C72AFC /* Info.plist */ = {isa = PBXFileReference; lastKnownFileType = text.plist.xml; path = Info.plist; sourceTree = "<group>"; };
		7302A6B92A95DD6C00C72AFC /* OTPAuthAppTests.xctest */ = {isa = PBXFileReference; explicitFileType = wrapper.cfbundle; includeInIndex = 0; path = OTPAuthAppTests.xctest; sourceTree = BUILT_PRODUCTS_DIR; };
		7302A6BD2A95DD6C00C72AFC /* OTPAuthAppTests.swift */ = {isa = PBXFileReference; lastKnownFileType = sourcecode.swift; path = OTPAuthAppTests.swift; sourceTree = "<group>"; };
		7302A6C32A95DD6C00C72AFC /* OTPAuthAppUITests.xctest */ = {isa = PBXFileReference; explicitFileType = wrapper.cfbundle; includeInIndex = 0; path = OTPAuthAppUITests.xctest; sourceTree = BUILT_PRODUCTS_DIR; };
		7302A6C72A95DD6C00C72AFC /* OTPAuthAppUITests.swift */ = {isa = PBXFileReference; lastKnownFileType = sourcecode.swift; path = OTPAuthAppUITests.swift; sourceTree = "<group>"; };
		7302A6C92A95DD6C00C72AFC /* OTPAuthAppUITestsLaunchTests.swift */ = {isa = PBXFileReference; lastKnownFileType = sourcecode.swift; path = OTPAuthAppUITestsLaunchTests.swift; sourceTree = "<group>"; };
		7302A6D62A95E6F200C72AFC /* Screen2ViewController.swift */ = {isa = PBXFileReference; lastKnownFileType = sourcecode.swift; path = Screen2ViewController.swift; sourceTree = "<group>"; };
		7302A6D82A95FC5500C72AFC /* Screen3ViewController.swift */ = {isa = PBXFileReference; lastKnownFileType = sourcecode.swift; path = Screen3ViewController.swift; sourceTree = "<group>"; };
/* End PBXFileReference section */

/* Begin PBXFrameworksBuildPhase section */
		7302A6A02A95DD6800C72AFC /* Frameworks */ = {
			isa = PBXFrameworksBuildPhase;
			buildActionMask = 2147483647;
			files = (
			);
			runOnlyForDeploymentPostprocessing = 0;
		};
		7302A6B62A95DD6C00C72AFC /* Frameworks */ = {
			isa = PBXFrameworksBuildPhase;
			buildActionMask = 2147483647;
			files = (
			);
			runOnlyForDeploymentPostprocessing = 0;
		};
		7302A6C02A95DD6C00C72AFC /* Frameworks */ = {
			isa = PBXFrameworksBuildPhase;
			buildActionMask = 2147483647;
			files = (
			);
			runOnlyForDeploymentPostprocessing = 0;
		};
/* End PBXFrameworksBuildPhase section */

/* Begin PBXGroup section */
		7302A69A2A95DD6800C72AFC = {
			isa = PBXGroup;
			children = (
				7302A6A52A95DD6800C72AFC /* OTPAuthApp */,
				7302A6BC2A95DD6C00C72AFC /* OTPAuthAppTests */,
				7302A6C62A95DD6C00C72AFC /* OTPAuthAppUITests */,
				7302A6A42A95DD6800C72AFC /* Products */,
			);
			sourceTree = "<group>";
		};
		7302A6A42A95DD6800C72AFC /* Products */ = {
			isa = PBXGroup;
			children = (
				7302A6A32A95DD6800C72AFC /* OTPAuthApp.app */,
				7302A6B92A95DD6C00C72AFC /* OTPAuthAppTests.xctest */,
				7302A6C32A95DD6C00C72AFC /* OTPAuthAppUITests.xctest */,
			);
			name = Products;
			sourceTree = "<group>";
		};
		7302A6A52A95DD6800C72AFC /* OTPAuthApp */ = {
			isa = PBXGroup;
			children = (
				7302A6AA2A95DD6800C72AFC /* ViewController.swift */,
				7302A6AC2A95DD6800C72AFC /* Main.storyboard */,
				7302A6D62A95E6F200C72AFC /* Screen2ViewController.swift */,
				7302A6D82A95FC5500C72AFC /* Screen3ViewController.swift */,
				7302A6A62A95DD6800C72AFC /* AppDelegate.swift */,
				7302A6A82A95DD6800C72AFC /* SceneDelegate.swift */,
				7302A6AF2A95DD6B00C72AFC /* Assets.xcassets */,
				7302A6B12A95DD6B00C72AFC /* LaunchScreen.storyboard */,
				7302A6B42A95DD6B00C72AFC /* Info.plist */,
			);
			path = OTPAuthApp;
			sourceTree = "<group>";
		};
		7302A6BC2A95DD6C00C72AFC /* OTPAuthAppTests */ = {
			isa = PBXGroup;
			children = (
				7302A6BD2A95DD6C00C72AFC /* OTPAuthAppTests.swift */,
			);
			path = OTPAuthAppTests;
			sourceTree = "<group>";
		};
		7302A6C62A95DD6C00C72AFC /* OTPAuthAppUITests */ = {
			isa = PBXGroup;
			children = (
				7302A6C72A95DD6C00C72AFC /* OTPAuthAppUITests.swift */,
				7302A6C92A95DD6C00C72AFC /* OTPAuthAppUITestsLaunchTests.swift */,
			);
			path = OTPAuthAppUITests;
			sourceTree = "<group>";
		};
/* End PBXGroup section */

/* Begin PBXNativeTarget section */
		7302A6A22A95DD6800C72AFC /* OTPAuthApp */ = {
			isa = PBXNativeTarget;
			buildConfigurationList = 7302A6CD2A95DD6C00C72AFC /* Build configuration list for PBXNativeTarget "OTPAuthApp" */;
			buildPhases = (
				7302A69F2A95DD6800C72AFC /* Sources */,
				7302A6A02A95DD6800C72AFC /* Frameworks */,
				7302A6A12A95DD6800C72AFC /* Resources */,
			);
			buildRules = (
			);
			dependencies = (
			);
			name = OTPAuthApp;
			productName = OTPAuthApp;
			productReference = 7302A6A32A95DD6800C72AFC /* OTPAuthApp.app */;
			productType = "com.apple.product-type.application";
		};
		7302A6B82A95DD6C00C72AFC /* OTPAuthAppTests */ = {
			isa = PBXNativeTarget;
			buildConfigurationList = 7302A6D02A95DD6C00C72AFC /* Build configuration list for PBXNativeTarget "OTPAuthAppTests" */;
			buildPhases = (
				7302A6B52A95DD6C00C72AFC /* Sources */,
				7302A6B62A95DD6C00C72AFC /* Frameworks */,
				7302A6B72A95DD6C00C72AFC /* Resources */,
			);
			buildRules = (
			);
			dependencies = (
				7302A6BB2A95DD6C00C72AFC /* PBXTargetDependency */,
			);
			name = OTPAuthAppTests;
			productName = OTPAuthAppTests;
			productReference = 7302A6B92A95DD6C00C72AFC /* OTPAuthAppTests.xctest */;
			productType = "com.apple.product-type.bundle.unit-test";
		};
		7302A6C22A95DD6C00C72AFC /* OTPAuthAppUITests */ = {
			isa = PBXNativeTarget;
			buildConfigurationList = 7302A6D32A95DD6C00C72AFC /* Build configuration list for PBXNativeTarget "OTPAuthAppUITests" */;
			buildPhases = (
				7302A6BF2A95DD6C00C72AFC /* Sources */,
				7302A6C02A95DD6C00C72AFC /* Frameworks */,
				7302A6C12A95DD6C00C72AFC /* Resources */,
			);
			buildRules = (
			);
			dependencies = (
				7302A6C52A95DD6C00C72AFC /* PBXTargetDependency */,
			);
			name = OTPAuthAppUITests;
			productName = OTPAuthAppUITests;
			productReference = 7302A6C32A95DD6C00C72AFC /* OTPAuthAppUITests.xctest */;
			productType = "com.apple.product-type.bundle.ui-testing";
		};
/* End PBXNativeTarget section */

/* Begin PBXProject section */
		7302A69B2A95DD6800C72AFC /* Project object */ = {
			isa = PBXProject;
			attributes = {
				BuildIndependentTargetsInParallel = 1;
				LastSwiftUpdateCheck = 1430;
				LastUpgradeCheck = 1430;
				TargetAttributes = {
					7302A6A22A95DD6800C72AFC = {
						CreatedOnToolsVersion = 14.3;
					};
					7302A6B82A95DD6C00C72AFC = {
						CreatedOnToolsVersion = 14.3;
						TestTargetID = 7302A6A22A95DD6800C72AFC;
					};
					7302A6C22A95DD6C00C72AFC = {
						CreatedOnToolsVersion = 14.3;
						TestTargetID = 7302A6A22A95DD6800C72AFC;
					};
				};
			};
			buildConfigurationList = 7302A69E2A95DD6800C72AFC /* Build configuration list for PBXProject "OTPAuthApp" */;
			compatibilityVersion = "Xcode 14.0";
			developmentRegion = en;
			hasScannedForEncodings = 0;
			knownRegions = (
				en,
				Base,
			);
			mainGroup = 7302A69A2A95DD6800C72AFC;
			productRefGroup = 7302A6A42A95DD6800C72AFC /* Products */;
			projectDirPath = "";
			projectRoot = "";
			targets = (
				7302A6A22A95DD6800C72AFC /* OTPAuthApp */,
				7302A6B82A95DD6C00C72AFC /* OTPAuthAppTests */,
				7302A6C22A95DD6C00C72AFC /* OTPAuthAppUITests */,
			);
		};
/* End PBXProject section */

/* Begin PBXResourcesBuildPhase section */
		7302A6A12A95DD6800C72AFC /* Resources */ = {
			isa = PBXResourcesBuildPhase;
			buildActionMask = 2147483647;
			files = (
				7302A6B32A95DD6B00C72AFC /* LaunchScreen.storyboard in Resources */,
				7302A6B02A95DD6B00C72AFC /* Assets.xcassets in Resources */,
				7302A6AE2A95DD6800C72AFC /* Main.storyboard in Resources */,
			);
			runOnlyForDeploymentPostprocessing = 0;
		};
		7302A6B72A95DD6C00C72AFC /* Resources */ = {
			isa = PBXResourcesBuildPhase;
			buildActionMask = 2147483647;
			files = (
			);
			runOnlyForDeploymentPostprocessing = 0;
		};
		7302A6C12A95DD6C00C72AFC /* Resources */ = {
			isa = PBXResourcesBuildPhase;
			buildActionMask = 2147483647;
			files = (
			);
			runOnlyForDeploymentPostprocessing = 0;
		};
/* End PBXResourcesBuildPhase section */

/* Begin PBXSourcesBuildPhase section */
		7302A69F2A95DD6800C72AFC /* Sources */ = {
			isa = PBXSourcesBuildPhase;
			buildActionMask = 2147483647;
			files = (
				7302A6D92A95FC5500C72AFC /* Screen3ViewController.swift in Sources */,
				7302A6AB2A95DD6800C72AFC /* ViewController.swift in Sources */,
				7302A6A72A95DD6800C72AFC /* AppDelegate.swift in Sources */,
				7302A6A92A95DD6800C72AFC /* SceneDelegate.swift in Sources */,
				7302A6D72A95E6F200C72AFC /* Screen2ViewController.swift in Sources */,
			);
			runOnlyForDeploymentPostprocessing = 0;
		};
		7302A6B52A95DD6C00C72AFC /* Sources */ = {
			isa = PBXSourcesBuildPhase;
			buildActionMask = 2147483647;
			files = (
				7302A6BE2A95DD6C00C72AFC /* OTPAuthAppTests.swift in Sources */,
			);
			runOnlyForDeploymentPostprocessing = 0;
		};
		7302A6BF2A95DD6C00C72AFC /* Sources */ = {
			isa = PBXSourcesBuildPhase;
			buildActionMask = 2147483647;
			files = (
				7302A6CA2A95DD6C00C72AFC /* OTPAuthAppUITestsLaunchTests.swift in Sources */,
				7302A6C82A95DD6C00C72AFC /* OTPAuthAppUITests.swift in Sources */,
			);
			runOnlyForDeploymentPostprocessing = 0;
		};
/* End PBXSourcesBuildPhase section */

/* Begin PBXTargetDependency section */
		7302A6BB2A95DD6C00C72AFC /* PBXTargetDependency */ = {
			isa = PBXTargetDependency;
			target = 7302A6A22A95DD6800C72AFC /* OTPAuthApp */;
			targetProxy = 7302A6BA2A95DD6C00C72AFC /* PBXContainerItemProxy */;
		};
		7302A6C52A95DD6C00C72AFC /* PBXTargetDependency */ = {
			isa = PBXTargetDependency;
			target = 7302A6A22A95DD6800C72AFC /* OTPAuthApp */;
			targetProxy = 7302A6C42A95DD6C00C72AFC /* PBXContainerItemProxy */;
		};
/* End PBXTargetDependency section */

/* Begin PBXVariantGroup section */
		7302A6AC2A95DD6800C72AFC /* Main.storyboard */ = {
			isa = PBXVariantGroup;
			children = (
				7302A6AD2A95DD6800C72AFC /* Base */,
			);
			name = Main.storyboard;
			sourceTree = "<group>";
		};
		7302A6B12A95DD6B00C72AFC /* LaunchScreen.storyboard */ = {
			isa = PBXVariantGroup;
			children = (
				7302A6B22A95DD6B00C72AFC /* Base */,
			);
			name = LaunchScreen.storyboard;
			sourceTree = "<group>";
		};
/* End PBXVariantGroup section */

/* Begin XCBuildConfiguration section */
		7302A6CB2A95DD6C00C72AFC /* Debug */ = {
			isa = XCBuildConfiguration;
			buildSettings = {
				ALWAYS_SEARCH_USER_PATHS = NO;
				CLANG_ANALYZER_NONNULL = YES;
				CLANG_ANALYZER_NUMBER_OBJECT_CONVERSION = YES_AGGRESSIVE;
				CLANG_CXX_LANGUAGE_STANDARD = "gnu++20";
				CLANG_ENABLE_MODULES = YES;
				CLANG_ENABLE_OBJC_ARC = YES;
				CLANG_ENABLE_OBJC_WEAK = YES;
				CLANG_WARN_BLOCK_CAPTURE_AUTORELEASING = YES;
				CLANG_WARN_BOOL_CONVERSION = YES;
				CLANG_WARN_COMMA = YES;
				CLANG_WARN_CONSTANT_CONVERSION = YES;
				CLANG_WARN_DEPRECATED_OBJC_IMPLEMENTATIONS = YES;
				CLANG_WARN_DIRECT_OBJC_ISA_USAGE = YES_ERROR;
				CLANG_WARN_DOCUMENTATION_COMMENTS = YES;
				CLANG_WARN_EMPTY_BODY = YES;
				CLANG_WARN_ENUM_CONVERSION = YES;
				CLANG_WARN_INFINITE_RECURSION = YES;
				CLANG_WARN_INT_CONVERSION = YES;
				CLANG_WARN_NON_LITERAL_NULL_CONVERSION = YES;
				CLANG_WARN_OBJC_IMPLICIT_RETAIN_SELF = YES;
				CLANG_WARN_OBJC_LITERAL_CONVERSION = YES;
				CLANG_WARN_OBJC_ROOT_CLASS = YES_ERROR;
				CLANG_WARN_QUOTED_INCLUDE_IN_FRAMEWORK_HEADER = YES;
				CLANG_WARN_RANGE_LOOP_ANALYSIS = YES;
				CLANG_WARN_STRICT_PROTOTYPES = YES;
				CLANG_WARN_SUSPICIOUS_MOVE = YES;
				CLANG_WARN_UNGUARDED_AVAILABILITY = YES_AGGRESSIVE;
				CLANG_WARN_UNREACHABLE_CODE = YES;
				CLANG_WARN__DUPLICATE_METHOD_MATCH = YES;
				COPY_PHASE_STRIP = NO;
				DEBUG_INFORMATION_FORMAT = dwarf;
				ENABLE_STRICT_OBJC_MSGSEND = YES;
				ENABLE_TESTABILITY = YES;
				GCC_C_LANGUAGE_STANDARD = gnu11;
				GCC_DYNAMIC_NO_PIC = NO;
				GCC_NO_COMMON_BLOCKS = YES;
				GCC_OPTIMIZATION_LEVEL = 0;
				GCC_PREPROCESSOR_DEFINITIONS = (
					"DEBUG=1",
					"$(inherited)",
				);
				GCC_WARN_64_TO_32_BIT_CONVERSION = YES;
				GCC_WARN_ABOUT_RETURN_TYPE = YES_ERROR;
				GCC_WARN_UNDECLARED_SELECTOR = YES;
				GCC_WARN_UNINITIALIZED_AUTOS = YES_AGGRESSIVE;
				GCC_WARN_UNUSED_FUNCTION = YES;
				GCC_WARN_UNUSED_VARIABLE = YES;
				IPHONEOS_DEPLOYMENT_TARGET = 16.4;
				MTL_ENABLE_DEBUG_INFO = INCLUDE_SOURCE;
				MTL_FAST_MATH = YES;
				ONLY_ACTIVE_ARCH = YES;
				SDKROOT = iphoneos;
				SWIFT_ACTIVE_COMPILATION_CONDITIONS = DEBUG;
				SWIFT_OPTIMIZATION_LEVEL = "-Onone";
			};
			name = Debug;
		};
		7302A6CC2A95DD6C00C72AFC /* Release */ = {
			isa = XCBuildConfiguration;
			buildSettings = {
				ALWAYS_SEARCH_USER_PATHS = NO;
				CLANG_ANALYZER_NONNULL = YES;
				CLANG_ANALYZER_NUMBER_OBJECT_CONVERSION = YES_AGGRESSIVE;
				CLANG_CXX_LANGUAGE_STANDARD = "gnu++20";
				CLANG_ENABLE_MODULES = YES;
				CLANG_ENABLE_OBJC_ARC = YES;
				CLANG_ENABLE_OBJC_WEAK = YES;
				CLANG_WARN_BLOCK_CAPTURE_AUTORELEASING = YES;
				CLANG_WARN_BOOL_CONVERSION = YES;
				CLANG_WARN_COMMA = YES;
				CLANG_WARN_CONSTANT_CONVERSION = YES;
				CLANG_WARN_DEPRECATED_OBJC_IMPLEMENTATIONS = YES;
				CLANG_WARN_DIRECT_OBJC_ISA_USAGE = YES_ERROR;
				CLANG_WARN_DOCUMENTATION_COMMENTS = YES;
				CLANG_WARN_EMPTY_BODY = YES;
				CLANG_WARN_ENUM_CONVERSION = YES;
				CLANG_WARN_INFINITE_RECURSION = YES;
				CLANG_WARN_INT_CONVERSION = YES;
				CLANG_WARN_NON_LITERAL_NULL_CONVERSION = YES;
				CLANG_WARN_OBJC_IMPLICIT_RETAIN_SELF = YES;
				CLANG_WARN_OBJC_LITERAL_CONVERSION = YES;
				CLANG_WARN_OBJC_ROOT_CLASS = YES_ERROR;
				CLANG_WARN_QUOTED_INCLUDE_IN_FRAMEWORK_HEADER = YES;
				CLANG_WARN_RANGE_LOOP_ANALYSIS = YES;
				CLANG_WARN_STRICT_PROTOTYPES = YES;
				CLANG_WARN_SUSPICIOUS_MOVE = YES;
				CLANG_WARN_UNGUARDED_AVAILABILITY = YES_AGGRESSIVE;
				CLANG_WARN_UNREACHABLE_CODE = YES;
				CLANG_WARN__DUPLICATE_METHOD_MATCH = YES;
				COPY_PHASE_STRIP = NO;
				DEBUG_INFORMATION_FORMAT = "dwarf-with-dsym";
				ENABLE_NS_ASSERTIONS = NO;
				ENABLE_STRICT_OBJC_MSGSEND = YES;
				GCC_C_LANGUAGE_STANDARD = gnu11;
				GCC_NO_COMMON_BLOCKS = YES;
				GCC_WARN_64_TO_32_BIT_CONVERSION = YES;
				GCC_WARN_ABOUT_RETURN_TYPE = YES_ERROR;
				GCC_WARN_UNDECLARED_SELECTOR = YES;
				GCC_WARN_UNINITIALIZED_AUTOS = YES_AGGRESSIVE;
				GCC_WARN_UNUSED_FUNCTION = YES;
				GCC_WARN_UNUSED_VARIABLE = YES;
				IPHONEOS_DEPLOYMENT_TARGET = 16.4;
				MTL_ENABLE_DEBUG_INFO = NO;
				MTL_FAST_MATH = YES;
				SDKROOT = iphoneos;
				SWIFT_COMPILATION_MODE = wholemodule;
				SWIFT_OPTIMIZATION_LEVEL = "-O";
				VALIDATE_PRODUCT = YES;
			};
			name = Release;
		};
		7302A6CE2A95DD6C00C72AFC /* Debug */ = {
			isa = XCBuildConfiguration;
			buildSettings = {
				ASSETCATALOG_COMPILER_APPICON_NAME = AppIcon;
				ASSETCATALOG_COMPILER_GLOBAL_ACCENT_COLOR_NAME = AccentColor;
				CODE_SIGN_STYLE = Automatic;
				CURRENT_PROJECT_VERSION = 1;
				GENERATE_INFOPLIST_FILE = YES;
				INFOPLIST_FILE = OTPAuthApp/Info.plist;
				INFOPLIST_KEY_UIApplicationSupportsIndirectInputEvents = YES;
				INFOPLIST_KEY_UILaunchStoryboardName = LaunchScreen;
				INFOPLIST_KEY_UIMainStoryboardFile = Main;
				INFOPLIST_KEY_UISupportedInterfaceOrientations_iPad = "UIInterfaceOrientationPortrait UIInterfaceOrientationPortraitUpsideDown UIInterfaceOrientationLandscapeLeft UIInterfaceOrientationLandscapeRight";
				INFOPLIST_KEY_UISupportedInterfaceOrientations_iPhone = "UIInterfaceOrientationPortrait UIInterfaceOrientationLandscapeLeft UIInterfaceOrientationLandscapeRight";
				LD_RUNPATH_SEARCH_PATHS = (
					"$(inherited)",
					"@executable_path/Frameworks",
				);
				MARKETING_VERSION = 1.0;
				PRODUCT_BUNDLE_IDENTIFIER = com.aress.automation.OTPAuthApp;
				PRODUCT_NAME = "$(TARGET_NAME)";
				SWIFT_EMIT_LOC_STRINGS = YES;
				SWIFT_VERSION = 5.0;
				TARGETED_DEVICE_FAMILY = "1,2";
			};
			name = Debug;
		};
		7302A6CF2A95DD6C00C72AFC /* Release */ = {
			isa = XCBuildConfiguration;
			buildSettings = {
				ASSETCATALOG_COMPILER_APPICON_NAME = AppIcon;
				ASSETCATALOG_COMPILER_GLOBAL_ACCENT_COLOR_NAME = AccentColor;
				CODE_SIGN_STYLE = Automatic;
				CURRENT_PROJECT_VERSION = 1;
				GENERATE_INFOPLIST_FILE = YES;
				INFOPLIST_FILE = OTPAuthApp/Info.plist;
				INFOPLIST_KEY_UIApplicationSupportsIndirectInputEvents = YES;
				INFOPLIST_KEY_UILaunchStoryboardName = LaunchScreen;
				INFOPLIST_KEY_UIMainStoryboardFile = Main;
				INFOPLIST_KEY_UISupportedInterfaceOrientations_iPad = "UIInterfaceOrientationPortrait UIInterfaceOrientationPortraitUpsideDown UIInterfaceOrientationLandscapeLeft UIInterfaceOrientationLandscapeRight";
				INFOPLIST_KEY_UISupportedInterfaceOrientations_iPhone = "UIInterfaceOrientationPortrait UIInterfaceOrientationLandscapeLeft UIInterfaceOrientationLandscapeRight";
				LD_RUNPATH_SEARCH_PATHS = (
					"$(inherited)",
					"@executable_path/Frameworks",
				);
				MARKETING_VERSION = 1.0;
				PRODUCT_BUNDLE_IDENTIFIER = com.aress.automation.OTPAuthApp;
				PRODUCT_NAME = "$(TARGET_NAME)";
				SWIFT_EMIT_LOC_STRINGS = YES;
				SWIFT_VERSION = 5.0;
				TARGETED_DEVICE_FAMILY = "1,2";
			};
			name = Release;
		};
		7302A6D12A95DD6C00C72AFC /* Debug */ = {
			isa = XCBuildConfiguration;
			buildSettings = {
				ALWAYS_EMBED_SWIFT_STANDARD_LIBRARIES = YES;
				BUNDLE_LOADER = "$(TEST_HOST)";
				CODE_SIGN_STYLE = Automatic;
				CURRENT_PROJECT_VERSION = 1;
				GENERATE_INFOPLIST_FILE = YES;
				IPHONEOS_DEPLOYMENT_TARGET = 16.4;
				MARKETING_VERSION = 1.0;
				PRODUCT_BUNDLE_IDENTIFIER = com.aress.automation.OTPAuthAppTests;
				PRODUCT_NAME = "$(TARGET_NAME)";
				SWIFT_EMIT_LOC_STRINGS = NO;
				SWIFT_VERSION = 5.0;
				TARGETED_DEVICE_FAMILY = "1,2";
				TEST_HOST = "$(BUILT_PRODUCTS_DIR)/OTPAuthApp.app/$(BUNDLE_EXECUTABLE_FOLDER_PATH)/OTPAuthApp";
			};
			name = Debug;
		};
		7302A6D22A95DD6C00C72AFC /* Release */ = {
			isa = XCBuildConfiguration;
			buildSettings = {
				ALWAYS_EMBED_SWIFT_STANDARD_LIBRARIES = YES;
				BUNDLE_LOADER = "$(TEST_HOST)";
				CODE_SIGN_STYLE = Automatic;
				CURRENT_PROJECT_VERSION = 1;
				GENERATE_INFOPLIST_FILE = YES;
				IPHONEOS_DEPLOYMENT_TARGET = 16.4;
				MARKETING_VERSION = 1.0;
				PRODUCT_BUNDLE_IDENTIFIER = com.aress.automation.OTPAuthAppTests;
				PRODUCT_NAME = "$(TARGET_NAME)";
				SWIFT_EMIT_LOC_STRINGS = NO;
				SWIFT_VERSION = 5.0;
				TARGETED_DEVICE_FAMILY = "1,2";
				TEST_HOST = "$(BUILT_PRODUCTS_DIR)/OTPAuthApp.app/$(BUNDLE_EXECUTABLE_FOLDER_PATH)/OTPAuthApp";
			};
			name = Release;
		};
		7302A6D42A95DD6C00C72AFC /* Debug */ = {
			isa = XCBuildConfiguration;
			buildSettings = {
				ALWAYS_EMBED_SWIFT_STANDARD_LIBRARIES = YES;
				CODE_SIGN_STYLE = Automatic;
				CURRENT_PROJECT_VERSION = 1;
				GENERATE_INFOPLIST_FILE = YES;
				MARKETING_VERSION = 1.0;
				PRODUCT_BUNDLE_IDENTIFIER = com.aress.automation.OTPAuthAppUITests;
				PRODUCT_NAME = "$(TARGET_NAME)";
				SWIFT_EMIT_LOC_STRINGS = NO;
				SWIFT_VERSION = 5.0;
				TARGETED_DEVICE_FAMILY = "1,2";
				TEST_TARGET_NAME = OTPAuthApp;
			};
			name = Debug;
		};
		7302A6D52A95DD6C00C72AFC /* Release */ = {
			isa = XCBuildConfiguration;
			buildSettings = {
				ALWAYS_EMBED_SWIFT_STANDARD_LIBRARIES = YES;
				CODE_SIGN_STYLE = Automatic;
				CURRENT_PROJECT_VERSION = 1;
				GENERATE_INFOPLIST_FILE = YES;
				MARKETING_VERSION = 1.0;
				PRODUCT_BUNDLE_IDENTIFIER = com.aress.automation.OTPAuthAppUITests;
				PRODUCT_NAME = "$(TARGET_NAME)";
				SWIFT_EMIT_LOC_STRINGS = NO;
				SWIFT_VERSION = 5.0;
				TARGETED_DEVICE_FAMILY = "1,2";
				TEST_TARGET_NAME = OTPAuthApp;
			};
			name = Release;
		};
/* End XCBuildConfiguration section */

/* Begin XCConfigurationList section */
		7302A69E2A95DD6800C72AFC /* Build configuration list for PBXProject "OTPAuthApp" */ = {
			isa = XCConfigurationList;
			buildConfigurations = (
				7302A6CB2A95DD6C00C72AFC /* Debug */,
				7302A6CC2A95DD6C00C72AFC /* Release */,
			);
			defaultConfigurationIsVisible = 0;
			defaultConfigurationName = Release;
		};
		7302A6CD2A95DD6C00C72AFC /* Build configuration list for PBXNativeTarget "OTPAuthApp" */ = {
			isa = XCConfigurationList;
			buildConfigurations = (
				7302A6CE2A95DD6C00C72AFC /* Debug */,
				7302A6CF2A95DD6C00C72AFC /* Release */,
			);
			defaultConfigurationIsVisible = 0;
			defaultConfigurationName = Release;
		};
		7302A6D02A95DD6C00C72AFC /* Build configuration list for PBXNativeTarget "OTPAuthAppTests" */ = {
			isa = XCConfigurationList;
			buildConfigurations = (
				7302A6D12A95DD6C00C72AFC /* Debug */,
				7302A6D22A95DD6C00C72AFC /* Release */,
			);
			defaultConfigurationIsVisible = 0;
			defaultConfigurationName = Release;
		};
		7302A6D32A95DD6C00C72AFC /* Build configuration list for PBXNativeTarget "OTPAuthAppUITests" */ = {
			isa = XCConfigurationList;
			buildConfigurations = (
				7302A6D42A95DD6C00C72AFC /* Debug */,
				7302A6D52A95DD6C00C72AFC /* Release */,
			);
			defaultConfigurationIsVisible = 0;
			defaultConfigurationName = Release;
		};
/* End XCConfigurationList section */
	};
	rootObject = 7302A69B2A95DD6800C72AFC /* Project object */;
}
